
Microsoft Visual Studio Solution File, Format Version 12.00
# Visual Studio Version 17
VisualStudioVersion = 17.9.34728.123
MinimumVisualStudioVersion = 10.0.40219.1
Project("{9A19103F-16F7-4668-BE54-9A1E7A4F7556}") = "TaskManager.API", "TaskManager.API\TaskManager.API.csproj", "{E4C098A9-7741-4107-8E0A-663058887833}"
EndProject
Project("{9A19103F-16F7-4668-BE54-9A1E7A4F7556}") = "TaskManager.Aplicacao", "TaskManager.Services\TaskManager.Aplicacao.csproj", "{AF5525DB-0D2B-48EA-B06F-75C649476DDC}"
EndProject
Project("{9A19103F-16F7-4668-BE54-9A1E7A4F7556}") = "TaskManager.Domain", "TaskManager.Domain\TaskManager.Domain.csproj", "{77AA64D5-71AA-42CD-9B32-6468D387FC5E}"
EndProject
Project("{9A19103F-16F7-4668-BE54-9A1E7A4F7556}") = "TaskManager.Web", "TaskManager.Web\TaskManager.Web.csproj", "{AC30718E-4536-4109-9412-1FB8A1D4FEBC}"
EndProject
Project("{9A19103F-16F7-4668-BE54-9A1E7A4F7556}") = "TaskManager.Infraestrutura", "TaskManager.Infraestrutura\TaskManager.Infraestrutura.csproj", "{7E29202D-8904-4ABA-894F-2D04CC29A71B}"
EndProject
Global
	GlobalSection(SolutionConfigurationPlatforms) = preSolution
		Debug|Any CPU = Debug|Any CPU
		Release|Any CPU = Release|Any CPU
	EndGlobalSection
	GlobalSection(ProjectConfigurationPlatforms) = postSolution
		{E4C098A9-7741-4107-8E0A-663058887833}.Debug|Any CPU.ActiveCfg = Debug|Any CPU
		{E4C098A9-7741-4107-8E0A-663058887833}.Debug|Any CPU.Build.0 = Debug|Any CPU
		{E4C098A9-7741-4107-8E0A-663058887833}.Release|Any CPU.ActiveCfg = Release|Any CPU
		{E4C098A9-7741-4107-8E0A-663058887833}.Release|Any CPU.Build.0 = Release|Any CPU
		{AF5525DB-0D2B-48EA-B06F-75C649476DDC}.Debug|Any CPU.ActiveCfg = Debug|Any CPU
		{AF5525DB-0D2B-48EA-B06F-75C649476DDC}.Debug|Any CPU.Build.0 = Debug|Any CPU
		{AF5525DB-0D2B-48EA-B06F-75C649476DDC}.Release|Any CPU.ActiveCfg = Release|Any CPU
		{AF5525DB-0D2B-48EA-B06F-75C649476DDC}.Release|Any CPU.Build.0 = Release|Any CPU
		{77AA64D5-71AA-42CD-9B32-6468D387FC5E}.Debug|Any CPU.ActiveCfg = Debug|Any CPU
		{77AA64D5-71AA-42CD-9B32-6468D387FC5E}.Debug|Any CPU.Build.0 = Debug|Any CPU
		{77AA64D5-71AA-42CD-9B32-6468D387FC5E}.Release|Any CPU.ActiveCfg = Release|Any CPU
		{77AA64D5-71AA-42CD-9B32-6468D387FC5E}.Release|Any CPU.Build.0 = Release|Any CPU
		{AC30718E-4536-4109-9412-1FB8A1D4FEBC}.Debug|Any CPU.ActiveCfg = Debug|Any CPU
		{AC30718E-4536-4109-9412-1FB8A1D4FEBC}.Debug|Any CPU.Build.0 = Debug|Any CPU
		{AC30718E-4536-4109-9412-1FB8A1D4FEBC}.Release|Any CPU.ActiveCfg = Release|Any CPU
		{AC30718E-4536-4109-9412-1FB8A1D4FEBC}.Release|Any CPU.Build.0 = Release|Any CPU
		{7E29202D-8904-4ABA-894F-2D04CC29A71B}.Debug|Any CPU.ActiveCfg = Debug|Any CPU
		{7E29202D-8904-4ABA-894F-2D04CC29A71B}.Debug|Any CPU.Build.0 = Debug|Any CPU
		{7E29202D-8904-4ABA-894F-2D04CC29A71B}.Release|Any CPU.ActiveCfg = Release|Any CPU
		{7E29202D-8904-4ABA-894F-2D04CC29A71B}.Release|Any CPU.Build.0 = Release|Any CPU
	EndGlobalSection
	GlobalSection(SolutionProperties) = preSolution
		HideSolutionNode = FALSE
	EndGlobalSection
	GlobalSection(ExtensibilityGlobals) = postSolution
		SolutionGuid = {B5FD631F-CCD3-448F-93E5-F282DA00EC02}
	EndGlobalSection
EndGlobal
